// !$*UTF8*$!
{
	archiveVersion = 1;
	classes = {
	};
	objectVersion = 46;
	objects = {

/* Begin PBXBuildFile section */
		0C5A874B8D9976AA1A1183D3 /* Pods_YourIDFA.framework in Frameworks */ = {isa = PBXBuildFile; fileRef = 989E7F10C4AC8A009CE58F86 /* Pods_YourIDFA.framework */; };
		5C066CEE1E5880AF00C2857D /* AppIdentifier.swift in Sources */ = {isa = PBXBuildFile; fileRef = 5C066CED1E5880AF00C2857D /* AppIdentifier.swift */; };
		5C066CF01E58854C00C2857D /* Device.swift in Sources */ = {isa = PBXBuildFile; fileRef = 5C066CEF1E58854C00C2857D /* Device.swift */; };
		5C066CF31E588FE800C2857D /* Item.swift in Sources */ = {isa = PBXBuildFile; fileRef = 5C066CF21E588FE800C2857D /* Item.swift */; };
		5C066CF51E588FF400C2857D /* Idfa.swift in Sources */ = {isa = PBXBuildFile; fileRef = 5C066CF41E588FF400C2857D /* Idfa.swift */; };
		5C066CF71E58933A00C2857D /* ItemType.swift in Sources */ = {isa = PBXBuildFile; fileRef = 5C066CF61E58933A00C2857D /* ItemType.swift */; };
		5C066CFA1E589B2900C2857D /* UITableViewController+Extension.swift in Sources */ = {isa = PBXBuildFile; fileRef = 5C066CF91E589B2900C2857D /* UITableViewController+Extension.swift */; };
		5C066CFD1E58A1F400C2857D /* ActionHandler.swift in Sources */ = {isa = PBXBuildFile; fileRef = 5C066CFC1E58A1F400C2857D /* ActionHandler.swift */; };
		5C7A03941E5974B8001F2BCF /* HomeModel.swift in Sources */ = {isa = PBXBuildFile; fileRef = 5C7A03931E5974B8001F2BCF /* HomeModel.swift */; };
		5C7A03961E5974C5001F2BCF /* AdSupport.framework in Frameworks */ = {isa = PBXBuildFile; fileRef = 5C7A03951E5974C5001F2BCF /* AdSupport.framework */; };
		5C7A03981E59782B001F2BCF /* Constants.swift in Sources */ = {isa = PBXBuildFile; fileRef = 5C7A03971E59782B001F2BCF /* Constants.swift */; };
		5C7A039F1E597A0B001F2BCF /* HeaderCell.swift in Sources */ = {isa = PBXBuildFile; fileRef = 5C7A039D1E597A0B001F2BCF /* HeaderCell.swift */; };
		5C7A03A01E597A0B001F2BCF /* HeaderCell.xib in Resources */ = {isa = PBXBuildFile; fileRef = 5C7A039E1E597A0B001F2BCF /* HeaderCell.xib */; };
		5C7A03A21E597B15001F2BCF /* Analytics.swift in Sources */ = {isa = PBXBuildFile; fileRef = 5C7A03A11E597B15001F2BCF /* Analytics.swift */; };
		5C7A03A41E597B43001F2BCF /* Tracker.swift in Sources */ = {isa = PBXBuildFile; fileRef = 5C7A03A31E597B43001F2BCF /* Tracker.swift */; };
		5CE59DA41E5862E40059324A /* AppDelegate.swift in Sources */ = {isa = PBXBuildFile; fileRef = 5CE59DA31E5862E40059324A /* AppDelegate.swift */; };
		5CE59DA61E5862E40059324A /* ViewController.swift in Sources */ = {isa = PBXBuildFile; fileRef = 5CE59DA51E5862E40059324A /* ViewController.swift */; };
		5CE59DA91E5862E40059324A /* Main.storyboard in Resources */ = {isa = PBXBuildFile; fileRef = 5CE59DA71E5862E40059324A /* Main.storyboard */; };
		5CE59DAB1E5862E40059324A /* Assets.xcassets in Resources */ = {isa = PBXBuildFile; fileRef = 5CE59DAA1E5862E40059324A /* Assets.xcassets */; };
		5CE59DAE1E5862E40059324A /* LaunchScreen.storyboard in Resources */ = {isa = PBXBuildFile; fileRef = 5CE59DAC1E5862E40059324A /* LaunchScreen.storyboard */; };
		5CE59DB91E5862E40059324A /* YourIDFATests.swift in Sources */ = {isa = PBXBuildFile; fileRef = 5CE59DB81E5862E40059324A /* YourIDFATests.swift */; };
		5CE59DC41E5862E40059324A /* YourIDFAUITests.swift in Sources */ = {isa = PBXBuildFile; fileRef = 5CE59DC31E5862E40059324A /* YourIDFAUITests.swift */; };
		6726F252EE2995BE4AEABFAB /* Pods_YourIDFATests.framework in Frameworks */ = {isa = PBXBuildFile; fileRef = B042B9C182A854AB34C2DCD7 /* Pods_YourIDFATests.framework */; };
		875F72AFD4ABF74A48D1CA61 /* Pods_YourIDFAUITests.framework in Frameworks */ = {isa = PBXBuildFile; fileRef = 50FD3453BC2F32DEEE95B90B /* Pods_YourIDFAUITests.framework */; };
/* End PBXBuildFile section */

/* Begin PBXContainerItemProxy section */
		5CE59DB51E5862E40059324A /* PBXContainerItemProxy */ = {
			isa = PBXContainerItemProxy;
			containerPortal = 5CE59D981E5862E40059324A /* Project object */;
			proxyType = 1;
			remoteGlobalIDString = 5CE59D9F1E5862E40059324A;
			remoteInfo = YourIDFA;
		};
		5CE59DC01E5862E40059324A /* PBXContainerItemProxy */ = {
			isa = PBXContainerItemProxy;
			containerPortal = 5CE59D981E5862E40059324A /* Project object */;
			proxyType = 1;
			remoteGlobalIDString = 5CE59D9F1E5862E40059324A;
			remoteInfo = YourIDFA;
		};
/* End PBXContainerItemProxy section */

/* Begin PBXFileReference section */
		085692C7A32F262035BC94AE /* Pods-YourIDFAUITests.release.xcconfig */ = {isa = PBXFileReference; includeInIndex = 1; lastKnownFileType = text.xcconfig; name = "Pods-YourIDFAUITests.release.xcconfig"; path = "Pods/Target Support Files/Pods-YourIDFAUITests/Pods-YourIDFAUITests.release.xcconfig"; sourceTree = "<group>"; };
		4EDD0A10947046C38685A1B9 /* Pods-YourIDFA.release.xcconfig */ = {isa = PBXFileReference; includeInIndex = 1; lastKnownFileType = text.xcconfig; name = "Pods-YourIDFA.release.xcconfig"; path = "Pods/Target Support Files/Pods-YourIDFA/Pods-YourIDFA.release.xcconfig"; sourceTree = "<group>"; };
		50FD3453BC2F32DEEE95B90B /* Pods_YourIDFAUITests.framework */ = {isa = PBXFileReference; explicitFileType = wrapper.framework; includeInIndex = 0; path = Pods_YourIDFAUITests.framework; sourceTree = BUILT_PRODUCTS_DIR; };
		5263B09021A593DD1AF09300 /* Pods-YourIDFA.debug.xcconfig */ = {isa = PBXFileReference; includeInIndex = 1; lastKnownFileType = text.xcconfig; name = "Pods-YourIDFA.debug.xcconfig"; path = "Pods/Target Support Files/Pods-YourIDFA/Pods-YourIDFA.debug.xcconfig"; sourceTree = "<group>"; };
		5C066CED1E5880AF00C2857D /* AppIdentifier.swift */ = {isa = PBXFileReference; fileEncoding = 4; lastKnownFileType = sourcecode.swift; path = AppIdentifier.swift; sourceTree = "<group>"; };
		5C066CEF1E58854C00C2857D /* Device.swift */ = {isa = PBXFileReference; fileEncoding = 4; lastKnownFileType = sourcecode.swift; path = Device.swift; sourceTree = "<group>"; };
		5C066CF21E588FE800C2857D /* Item.swift */ = {isa = PBXFileReference; fileEncoding = 4; lastKnownFileType = sourcecode.swift; path = Item.swift; sourceTree = "<group>"; };
		5C066CF41E588FF400C2857D /* Idfa.swift */ = {isa = PBXFileReference; fileEncoding = 4; lastKnownFileType = sourcecode.swift; path = Idfa.swift; sourceTree = "<group>"; };
		5C066CF61E58933A00C2857D /* ItemType.swift */ = {isa = PBXFileReference; fileEncoding = 4; lastKnownFileType = sourcecode.swift; path = ItemType.swift; sourceTree = "<group>"; };
		5C066CF91E589B2900C2857D /* UITableViewController+Extension.swift */ = {isa = PBXFileReference; fileEncoding = 4; lastKnownFileType = sourcecode.swift; path = "UITableViewController+Extension.swift"; sourceTree = "<group>"; };
		5C066CFC1E58A1F400C2857D /* ActionHandler.swift */ = {isa = PBXFileReference; fileEncoding = 4; lastKnownFileType = sourcecode.swift; path = ActionHandler.swift; sourceTree = "<group>"; };
		5C7A03931E5974B8001F2BCF /* HomeModel.swift */ = {isa = PBXFileReference; fileEncoding = 4; lastKnownFileType = sourcecode.swift; path = HomeModel.swift; sourceTree = "<group>"; };
		5C7A03951E5974C5001F2BCF /* AdSupport.framework */ = {isa = PBXFileReference; lastKnownFileType = wrapper.framework; name = AdSupport.framework; path = System/Library/Frameworks/AdSupport.framework; sourceTree = SDKROOT; };
		5C7A03971E59782B001F2BCF /* Constants.swift */ = {isa = PBXFileReference; fileEncoding = 4; lastKnownFileType = sourcecode.swift; path = Constants.swift; sourceTree = "<group>"; };
		5C7A039D1E597A0B001F2BCF /* HeaderCell.swift */ = {isa = PBXFileReference; fileEncoding = 4; lastKnownFileType = sourcecode.swift; path = HeaderCell.swift; sourceTree = "<group>"; };
		5C7A039E1E597A0B001F2BCF /* HeaderCell.xib */ = {isa = PBXFileReference; fileEncoding = 4; lastKnownFileType = file.xib; path = HeaderCell.xib; sourceTree = "<group>"; };
		5C7A03A11E597B15001F2BCF /* Analytics.swift */ = {isa = PBXFileReference; fileEncoding = 4; lastKnownFileType = sourcecode.swift; path = Analytics.swift; sourceTree = "<group>"; };
		5C7A03A31E597B43001F2BCF /* Tracker.swift */ = {isa = PBXFileReference; fileEncoding = 4; lastKnownFileType = sourcecode.swift; path = Tracker.swift; sourceTree = "<group>"; };
		5CE59DA01E5862E40059324A /* YourIDFA.app */ = {isa = PBXFileReference; explicitFileType = wrapper.application; includeInIndex = 0; path = YourIDFA.app; sourceTree = BUILT_PRODUCTS_DIR; };
		5CE59DA31E5862E40059324A /* AppDelegate.swift */ = {isa = PBXFileReference; lastKnownFileType = sourcecode.swift; path = AppDelegate.swift; sourceTree = "<group>"; };
		5CE59DA51E5862E40059324A /* ViewController.swift */ = {isa = PBXFileReference; lastKnownFileType = sourcecode.swift; path = ViewController.swift; sourceTree = "<group>"; };
		5CE59DA81E5862E40059324A /* Base */ = {isa = PBXFileReference; lastKnownFileType = file.storyboard; name = Base; path = Base.lproj/Main.storyboard; sourceTree = "<group>"; };
		5CE59DAA1E5862E40059324A /* Assets.xcassets */ = {isa = PBXFileReference; lastKnownFileType = folder.assetcatalog; path = Assets.xcassets; sourceTree = "<group>"; };
		5CE59DAD1E5862E40059324A /* Base */ = {isa = PBXFileReference; lastKnownFileType = file.storyboard; name = Base; path = Base.lproj/LaunchScreen.storyboard; sourceTree = "<group>"; };
		5CE59DAF1E5862E40059324A /* Info.plist */ = {isa = PBXFileReference; lastKnownFileType = text.plist.xml; path = Info.plist; sourceTree = "<group>"; };
		5CE59DB41E5862E40059324A /* YourIDFATests.xctest */ = {isa = PBXFileReference; explicitFileType = wrapper.cfbundle; includeInIndex = 0; path = YourIDFATests.xctest; sourceTree = BUILT_PRODUCTS_DIR; };
		5CE59DB81E5862E40059324A /* YourIDFATests.swift */ = {isa = PBXFileReference; lastKnownFileType = sourcecode.swift; path = YourIDFATests.swift; sourceTree = "<group>"; };
		5CE59DBA1E5862E40059324A /* Info.plist */ = {isa = PBXFileReference; lastKnownFileType = text.plist.xml; path = Info.plist; sourceTree = "<group>"; };
		5CE59DBF1E5862E40059324A /* YourIDFAUITests.xctest */ = {isa = PBXFileReference; explicitFileType = wrapper.cfbundle; includeInIndex = 0; path = YourIDFAUITests.xctest; sourceTree = BUILT_PRODUCTS_DIR; };
		5CE59DC31E5862E40059324A /* YourIDFAUITests.swift */ = {isa = PBXFileReference; lastKnownFileType = sourcecode.swift; path = YourIDFAUITests.swift; sourceTree = "<group>"; };
		5CE59DC51E5862E40059324A /* Info.plist */ = {isa = PBXFileReference; lastKnownFileType = text.plist.xml; path = Info.plist; sourceTree = "<group>"; };
		8C0FCD4691BC38845C68D689 /* Pods-YourIDFATests.debug.xcconfig */ = {isa = PBXFileReference; includeInIndex = 1; lastKnownFileType = text.xcconfig; name = "Pods-YourIDFATests.debug.xcconfig"; path = "Pods/Target Support Files/Pods-YourIDFATests/Pods-YourIDFATests.debug.xcconfig"; sourceTree = "<group>"; };
		922B0335730D35AD4BCAF121 /* Pods-YourIDFAUITests.debug.xcconfig */ = {isa = PBXFileReference; includeInIndex = 1; lastKnownFileType = text.xcconfig; name = "Pods-YourIDFAUITests.debug.xcconfig"; path = "Pods/Target Support Files/Pods-YourIDFAUITests/Pods-YourIDFAUITests.debug.xcconfig"; sourceTree = "<group>"; };
		989E7F10C4AC8A009CE58F86 /* Pods_YourIDFA.framework */ = {isa = PBXFileReference; explicitFileType = wrapper.framework; includeInIndex = 0; path = Pods_YourIDFA.framework; sourceTree = BUILT_PRODUCTS_DIR; };
		B042B9C182A854AB34C2DCD7 /* Pods_YourIDFATests.framework */ = {isa = PBXFileReference; explicitFileType = wrapper.framework; includeInIndex = 0; path = Pods_YourIDFATests.framework; sourceTree = BUILT_PRODUCTS_DIR; };
		C3654014FF102AF5D16D731F /* Pods-YourIDFATests.release.xcconfig */ = {isa = PBXFileReference; includeInIndex = 1; lastKnownFileType = text.xcconfig; name = "Pods-YourIDFATests.release.xcconfig"; path = "Pods/Target Support Files/Pods-YourIDFATests/Pods-YourIDFATests.release.xcconfig"; sourceTree = "<group>"; };
/* End PBXFileReference section */

/* Begin PBXFrameworksBuildPhase section */
		5CE59D9D1E5862E40059324A /* Frameworks */ = {
			isa = PBXFrameworksBuildPhase;
			buildActionMask = 2147483647;
			files = (
				5C7A03961E5974C5001F2BCF /* AdSupport.framework in Frameworks */,
				0C5A874B8D9976AA1A1183D3 /* Pods_YourIDFA.framework in Frameworks */,
			);
			runOnlyForDeploymentPostprocessing = 0;
		};
		5CE59DB11E5862E40059324A /* Frameworks */ = {
			isa = PBXFrameworksBuildPhase;
			buildActionMask = 2147483647;
			files = (
				6726F252EE2995BE4AEABFAB /* Pods_YourIDFATests.framework in Frameworks */,
			);
			runOnlyForDeploymentPostprocessing = 0;
		};
		5CE59DBC1E5862E40059324A /* Frameworks */ = {
			isa = PBXFrameworksBuildPhase;
			buildActionMask = 2147483647;
			files = (
				875F72AFD4ABF74A48D1CA61 /* Pods_YourIDFAUITests.framework in Frameworks */,
			);
			runOnlyForDeploymentPostprocessing = 0;
		};
/* End PBXFrameworksBuildPhase section */

/* Begin PBXGroup section */
		5C066CEC1E58807F00C2857D /* Common */ = {
			isa = PBXGroup;
			children = (
				5C066CED1E5880AF00C2857D /* AppIdentifier.swift */,
				5C066CEF1E58854C00C2857D /* Device.swift */,
				5C7A03A31E597B43001F2BCF /* Tracker.swift */,
				5C7A03A11E597B15001F2BCF /* Analytics.swift */,
			);
			path = Common;
			sourceTree = "<group>";
		};
		5C066CF11E588FC000C2857D /* Entity */ = {
			isa = PBXGroup;
			children = (
				5C066CF21E588FE800C2857D /* Item.swift */,
				5C066CF41E588FF400C2857D /* Idfa.swift */,
				5C066CF61E58933A00C2857D /* ItemType.swift */,
			);
			path = Entity;
			sourceTree = "<group>";
		};
		5C066CF81E589ACF00C2857D /* Extension */ = {
			isa = PBXGroup;
			children = (
				5C066CF91E589B2900C2857D /* UITableViewController+Extension.swift */,
			);
			path = Extension;
			sourceTree = "<group>";
		};
		5C066CFB1E589DBB00C2857D /* Handler */ = {
			isa = PBXGroup;
			children = (
				5C066CFC1E58A1F400C2857D /* ActionHandler.swift */,
			);
			path = Handler;
			sourceTree = "<group>";
		};
		5C7A03921E59749D001F2BCF /* Model */ = {
			isa = PBXGroup;
			children = (
				5C7A03931E5974B8001F2BCF /* HomeModel.swift */,
			);
			path = Model;
			sourceTree = "<group>";
		};
		5C7A03991E59791B001F2BCF /* View */ = {
			isa = PBXGroup;
			children = (
				5C7A039D1E597A0B001F2BCF /* HeaderCell.swift */,
				5C7A039E1E597A0B001F2BCF /* HeaderCell.xib */,
			);
			path = View;
			sourceTree = "<group>";
		};
		5C7A039A1E597920001F2BCF /* ViewController */ = {
			isa = PBXGroup;
			children = (
				5C7A039C1E5979D3001F2BCF /* Home */,
				5C7A039B1E5979CE001F2BCF /* Setting */,
			);
			path = ViewController;
			sourceTree = "<group>";
		};
		5C7A039B1E5979CE001F2BCF /* Setting */ = {
			isa = PBXGroup;
			children = (
			);
			path = Setting;
			sourceTree = "<group>";
		};
		5C7A039C1E5979D3001F2BCF /* Home */ = {
			isa = PBXGroup;
			children = (
			);
			path = Home;
			sourceTree = "<group>";
		};
		5CE59D971E5862E40059324A = {
			isa = PBXGroup;
			children = (
				5CE59DA21E5862E40059324A /* YourIDFA */,
				5CE59DB71E5862E40059324A /* YourIDFATests */,
				5CE59DC21E5862E40059324A /* YourIDFAUITests */,
				5CE59DA11E5862E40059324A /* Products */,
				940E46018CF27A2CBDB6FC8F /* Pods */,
				6FC317826E7FB936143C0337 /* Frameworks */,
			);
			sourceTree = "<group>";
		};
		5CE59DA11E5862E40059324A /* Products */ = {
			isa = PBXGroup;
			children = (
				5CE59DA01E5862E40059324A /* YourIDFA.app */,
				5CE59DB41E5862E40059324A /* YourIDFATests.xctest */,
				5CE59DBF1E5862E40059324A /* YourIDFAUITests.xctest */,
			);
			name = Products;
			sourceTree = "<group>";
		};
		5CE59DA21E5862E40059324A /* YourIDFA */ = {
			isa = PBXGroup;
			children = (
				5C7A039A1E597920001F2BCF /* ViewController */,
				5C7A03991E59791B001F2BCF /* View */,
				5C7A03921E59749D001F2BCF /* Model */,
				5C066CFB1E589DBB00C2857D /* Handler */,
				5C066CF81E589ACF00C2857D /* Extension */,
				5C066CF11E588FC000C2857D /* Entity */,
				5C066CEC1E58807F00C2857D /* Common */,
				5CE59DA31E5862E40059324A /* AppDelegate.swift */,
				5C7A03971E59782B001F2BCF /* Constants.swift */,
				5CE59DA51E5862E40059324A /* ViewController.swift */,
				5CE59DA71E5862E40059324A /* Main.storyboard */,
				5CE59DAA1E5862E40059324A /* Assets.xcassets */,
				5CE59DAC1E5862E40059324A /* LaunchScreen.storyboard */,
				5CE59DAF1E5862E40059324A /* Info.plist */,
			);
			path = YourIDFA;
			sourceTree = "<group>";
		};
		5CE59DB71E5862E40059324A /* YourIDFATests */ = {
			isa = PBXGroup;
			children = (
				5CE59DB81E5862E40059324A /* YourIDFATests.swift */,
				5CE59DBA1E5862E40059324A /* Info.plist */,
			);
			path = YourIDFATests;
			sourceTree = "<group>";
		};
		5CE59DC21E5862E40059324A /* YourIDFAUITests */ = {
			isa = PBXGroup;
			children = (
				5CE59DC31E5862E40059324A /* YourIDFAUITests.swift */,
				5CE59DC51E5862E40059324A /* Info.plist */,
			);
			path = YourIDFAUITests;
			sourceTree = "<group>";
		};
		6FC317826E7FB936143C0337 /* Frameworks */ = {
			isa = PBXGroup;
			children = (
				5C7A03951E5974C5001F2BCF /* AdSupport.framework */,
				989E7F10C4AC8A009CE58F86 /* Pods_YourIDFA.framework */,
				B042B9C182A854AB34C2DCD7 /* Pods_YourIDFATests.framework */,
				50FD3453BC2F32DEEE95B90B /* Pods_YourIDFAUITests.framework */,
			);
			name = Frameworks;
			sourceTree = "<group>";
		};
		940E46018CF27A2CBDB6FC8F /* Pods */ = {
			isa = PBXGroup;
			children = (
				5263B09021A593DD1AF09300 /* Pods-YourIDFA.debug.xcconfig */,
				4EDD0A10947046C38685A1B9 /* Pods-YourIDFA.release.xcconfig */,
				8C0FCD4691BC38845C68D689 /* Pods-YourIDFATests.debug.xcconfig */,
				C3654014FF102AF5D16D731F /* Pods-YourIDFATests.release.xcconfig */,
				922B0335730D35AD4BCAF121 /* Pods-YourIDFAUITests.debug.xcconfig */,
				085692C7A32F262035BC94AE /* Pods-YourIDFAUITests.release.xcconfig */,
			);
			name = Pods;
			sourceTree = "<group>";
		};
/* End PBXGroup section */

/* Begin PBXNativeTarget section */
		5CE59D9F1E5862E40059324A /* YourIDFA */ = {
			isa = PBXNativeTarget;
			buildConfigurationList = 5CE59DC81E5862E40059324A /* Build configuration list for PBXNativeTarget "YourIDFA" */;
			buildPhases = (
				0FDBDD63326463960DF75464 /* [CP] Check Pods Manifest.lock */,
				5CE59D9C1E5862E40059324A /* Sources */,
				5CE59D9D1E5862E40059324A /* Frameworks */,
				5CE59D9E1E5862E40059324A /* Resources */,
				D06B02E32DD058FD4023D801 /* [CP] Embed Pods Frameworks */,
				B9880FCC1A069F617B288621 /* [CP] Copy Pods Resources */,
			);
			buildRules = (
			);
			dependencies = (
			);
			name = YourIDFA;
			productName = YourIDFA;
			productReference = 5CE59DA01E5862E40059324A /* YourIDFA.app */;
			productType = "com.apple.product-type.application";
		};
		5CE59DB31E5862E40059324A /* YourIDFATests */ = {
			isa = PBXNativeTarget;
			buildConfigurationList = 5CE59DCB1E5862E40059324A /* Build configuration list for PBXNativeTarget "YourIDFATests" */;
			buildPhases = (
				F45F23CAA2A94A7F9CA9DEBC /* [CP] Check Pods Manifest.lock */,
				5CE59DB01E5862E40059324A /* Sources */,
				5CE59DB11E5862E40059324A /* Frameworks */,
				5CE59DB21E5862E40059324A /* Resources */,
				AF586E06128B36FA6FF2B575 /* [CP] Embed Pods Frameworks */,
				43C5D6DA7CE2E8E96091B8ED /* [CP] Copy Pods Resources */,
			);
			buildRules = (
			);
			dependencies = (
				5CE59DB61E5862E40059324A /* PBXTargetDependency */,
			);
			name = YourIDFATests;
			productName = YourIDFATests;
			productReference = 5CE59DB41E5862E40059324A /* YourIDFATests.xctest */;
			productType = "com.apple.product-type.bundle.unit-test";
		};
		5CE59DBE1E5862E40059324A /* YourIDFAUITests */ = {
			isa = PBXNativeTarget;
			buildConfigurationList = 5CE59DCE1E5862E40059324A /* Build configuration list for PBXNativeTarget "YourIDFAUITests" */;
			buildPhases = (
				539C8DD377523CED22CA2DD0 /* [CP] Check Pods Manifest.lock */,
				5CE59DBB1E5862E40059324A /* Sources */,
				5CE59DBC1E5862E40059324A /* Frameworks */,
				5CE59DBD1E5862E40059324A /* Resources */,
				88512050652F9203550EC840 /* [CP] Embed Pods Frameworks */,
				D5FC30C9B1D76FCDD32B8211 /* [CP] Copy Pods Resources */,
			);
			buildRules = (
			);
			dependencies = (
				5CE59DC11E5862E40059324A /* PBXTargetDependency */,
			);
			name = YourIDFAUITests;
			productName = YourIDFAUITests;
			productReference = 5CE59DBF1E5862E40059324A /* YourIDFAUITests.xctest */;
			productType = "com.apple.product-type.bundle.ui-testing";
		};
/* End PBXNativeTarget section */

/* Begin PBXProject section */
		5CE59D981E5862E40059324A /* Project object */ = {
			isa = PBXProject;
			attributes = {
				LastSwiftUpdateCheck = 0820;
				LastUpgradeCheck = 0820;
				ORGANIZATIONNAME = "naoto yamaguchi";
				TargetAttributes = {
					5CE59D9F1E5862E40059324A = {
						CreatedOnToolsVersion = 8.2.1;
						DevelopmentTeam = R3AGY98K5V;
						ProvisioningStyle = Automatic;
					};
					5CE59DB31E5862E40059324A = {
						CreatedOnToolsVersion = 8.2.1;
						DevelopmentTeam = R3AGY98K5V;
						ProvisioningStyle = Automatic;
						TestTargetID = 5CE59D9F1E5862E40059324A;
					};
					5CE59DBE1E5862E40059324A = {
						CreatedOnToolsVersion = 8.2.1;
						DevelopmentTeam = R3AGY98K5V;
						ProvisioningStyle = Automatic;
						TestTargetID = 5CE59D9F1E5862E40059324A;
					};
				};
			};
			buildConfigurationList = 5CE59D9B1E5862E40059324A /* Build configuration list for PBXProject "YourIDFA" */;
			compatibilityVersion = "Xcode 3.2";
			developmentRegion = English;
			hasScannedForEncodings = 0;
			knownRegions = (
				en,
				Base,
			);
			mainGroup = 5CE59D971E5862E40059324A;
			productRefGroup = 5CE59DA11E5862E40059324A /* Products */;
			projectDirPath = "";
			projectRoot = "";
			targets = (
				5CE59D9F1E5862E40059324A /* YourIDFA */,
				5CE59DB31E5862E40059324A /* YourIDFATests */,
				5CE59DBE1E5862E40059324A /* YourIDFAUITests */,
			);
		};
/* End PBXProject section */

/* Begin PBXResourcesBuildPhase section */
		5CE59D9E1E5862E40059324A /* Resources */ = {
			isa = PBXResourcesBuildPhase;
			buildActionMask = 2147483647;
			files = (
				5C7A03A01E597A0B001F2BCF /* HeaderCell.xib in Resources */,
				5CE59DAE1E5862E40059324A /* LaunchScreen.storyboard in Resources */,
				5CE59DAB1E5862E40059324A /* Assets.xcassets in Resources */,
				5CE59DA91E5862E40059324A /* Main.storyboard in Resources */,
			);
			runOnlyForDeploymentPostprocessing = 0;
		};
		5CE59DB21E5862E40059324A /* Resources */ = {
			isa = PBXResourcesBuildPhase;
			buildActionMask = 2147483647;
			files = (
			);
			runOnlyForDeploymentPostprocessing = 0;
		};
		5CE59DBD1E5862E40059324A /* Resources */ = {
			isa = PBXResourcesBuildPhase;
			buildActionMask = 2147483647;
			files = (
			);
			runOnlyForDeploymentPostprocessing = 0;
		};
/* End PBXResourcesBuildPhase section */

/* Begin PBXShellScriptBuildPhase section */
		0FDBDD63326463960DF75464 /* [CP] Check Pods Manifest.lock */ = {
			isa = PBXShellScriptBuildPhase;
			buildActionMask = 2147483647;
			files = (
			);
			inputPaths = (
			);
			name = "[CP] Check Pods Manifest.lock";
			outputPaths = (
			);
			runOnlyForDeploymentPostprocessing = 0;
			shellPath = /bin/sh;
			shellScript = "diff \"${PODS_ROOT}/../Podfile.lock\" \"${PODS_ROOT}/Manifest.lock\" > /dev/null\nif [ $? != 0 ] ; then\n    # print error to STDERR\n    echo \"error: The sandbox is not in sync with the Podfile.lock. Run 'pod install' or update your CocoaPods installation.\" >&2\n    exit 1\nfi\n";
			showEnvVarsInLog = 0;
		};
		43C5D6DA7CE2E8E96091B8ED /* [CP] Copy Pods Resources */ = {
			isa = PBXShellScriptBuildPhase;
			buildActionMask = 2147483647;
			files = (
			);
			inputPaths = (
			);
			name = "[CP] Copy Pods Resources";
			outputPaths = (
			);
			runOnlyForDeploymentPostprocessing = 0;
			shellPath = /bin/sh;
			shellScript = "\"${SRCROOT}/Pods/Target Support Files/Pods-YourIDFATests/Pods-YourIDFATests-resources.sh\"\n";
			showEnvVarsInLog = 0;
		};
		539C8DD377523CED22CA2DD0 /* [CP] Check Pods Manifest.lock */ = {
			isa = PBXShellScriptBuildPhase;
			buildActionMask = 2147483647;
			files = (
			);
			inputPaths = (
			);
			name = "[CP] Check Pods Manifest.lock";
			outputPaths = (
			);
			runOnlyForDeploymentPostprocessing = 0;
			shellPath = /bin/sh;
			shellScript = "diff \"${PODS_ROOT}/../Podfile.lock\" \"${PODS_ROOT}/Manifest.lock\" > /dev/null\nif [ $? != 0 ] ; then\n    # print error to STDERR\n    echo \"error: The sandbox is not in sync with the Podfile.lock. Run 'pod install' or update your CocoaPods installation.\" >&2\n    exit 1\nfi\n";
			showEnvVarsInLog = 0;
		};
		88512050652F9203550EC840 /* [CP] Embed Pods Frameworks */ = {
			isa = PBXShellScriptBuildPhase;
			buildActionMask = 2147483647;
			files = (
			);
			inputPaths = (
			);
			name = "[CP] Embed Pods Frameworks";
			outputPaths = (
			);
			runOnlyForDeploymentPostprocessing = 0;
			shellPath = /bin/sh;
			shellScript = "\"${SRCROOT}/Pods/Target Support Files/Pods-YourIDFAUITests/Pods-YourIDFAUITests-frameworks.sh\"\n";
			showEnvVarsInLog = 0;
		};
		AF586E06128B36FA6FF2B575 /* [CP] Embed Pods Frameworks */ = {
			isa = PBXShellScriptBuildPhase;
			buildActionMask = 2147483647;
			files = (
			);
			inputPaths = (
			);
			name = "[CP] Embed Pods Frameworks";
			outputPaths = (
			);
			runOnlyForDeploymentPostprocessing = 0;
			shellPath = /bin/sh;
			shellScript = "\"${SRCROOT}/Pods/Target Support Files/Pods-YourIDFATests/Pods-YourIDFATests-frameworks.sh\"\n";
			showEnvVarsInLog = 0;
		};
		B9880FCC1A069F617B288621 /* [CP] Copy Pods Resources */ = {
			isa = PBXShellScriptBuildPhase;
			buildActionMask = 2147483647;
			files = (
			);
			inputPaths = (
			);
			name = "[CP] Copy Pods Resources";
			outputPaths = (
			);
			runOnlyForDeploymentPostprocessing = 0;
			shellPath = /bin/sh;
			shellScript = "\"${SRCROOT}/Pods/Target Support Files/Pods-YourIDFA/Pods-YourIDFA-resources.sh\"\n";
			showEnvVarsInLog = 0;
		};
		D06B02E32DD058FD4023D801 /* [CP] Embed Pods Frameworks */ = {
			isa = PBXShellScriptBuildPhase;
			buildActionMask = 2147483647;
			files = (
			);
			inputPaths = (
			);
			name = "[CP] Embed Pods Frameworks";
			outputPaths = (
			);
			runOnlyForDeploymentPostprocessing = 0;
			shellPath = /bin/sh;
			shellScript = "\"${SRCROOT}/Pods/Target Support Files/Pods-YourIDFA/Pods-YourIDFA-frameworks.sh\"\n";
			showEnvVarsInLog = 0;
		};
		D5FC30C9B1D76FCDD32B8211 /* [CP] Copy Pods Resources */ = {
			isa = PBXShellScriptBuildPhase;
			buildActionMask = 2147483647;
			files = (
			);
			inputPaths = (
			);
			name = "[CP] Copy Pods Resources";
			outputPaths = (
			);
			runOnlyForDeploymentPostprocessing = 0;
			shellPath = /bin/sh;
			shellScript = "\"${SRCROOT}/Pods/Target Support Files/Pods-YourIDFAUITests/Pods-YourIDFAUITests-resources.sh\"\n";
			showEnvVarsInLog = 0;
		};
		F45F23CAA2A94A7F9CA9DEBC /* [CP] Check Pods Manifest.lock */ = {
			isa = PBXShellScriptBuildPhase;
			buildActionMask = 2147483647;
			files = (
			);
			inputPaths = (
			);
			name = "[CP] Check Pods Manifest.lock";
			outputPaths = (
			);
			runOnlyForDeploymentPostprocessing = 0;
			shellPath = /bin/sh;
			shellScript = "diff \"${PODS_ROOT}/../Podfile.lock\" \"${PODS_ROOT}/Manifest.lock\" > /dev/null\nif [ $? != 0 ] ; then\n    # print error to STDERR\n    echo \"error: The sandbox is not in sync with the Podfile.lock. Run 'pod install' or update your CocoaPods installation.\" >&2\n    exit 1\nfi\n";
			showEnvVarsInLog = 0;
		};
/* End PBXShellScriptBuildPhase section */

/* Begin PBXSourcesBuildPhase section */
		5CE59D9C1E5862E40059324A /* Sources */ = {
			isa = PBXSourcesBuildPhase;
			buildActionMask = 2147483647;
			files = (
				5C066CF71E58933A00C2857D /* ItemType.swift in Sources */,
				5C7A03A21E597B15001F2BCF /* Analytics.swift in Sources */,
				5C7A03981E59782B001F2BCF /* Constants.swift in Sources */,
				5C066CF31E588FE800C2857D /* Item.swift in Sources */,
				5CE59DA61E5862E40059324A /* ViewController.swift in Sources */,
				5C7A039F1E597A0B001F2BCF /* HeaderCell.swift in Sources */,
				5C7A03A41E597B43001F2BCF /* Tracker.swift in Sources */,
				5CE59DA41E5862E40059324A /* AppDelegate.swift in Sources */,
				5C066CEE1E5880AF00C2857D /* AppIdentifier.swift in Sources */,
				5C066CFA1E589B2900C2857D /* UITableViewController+Extension.swift in Sources */,
				5C066CF01E58854C00C2857D /* Device.swift in Sources */,
				5C066CFD1E58A1F400C2857D /* ActionHandler.swift in Sources */,
				5C7A03941E5974B8001F2BCF /* HomeModel.swift in Sources */,
				5C066CF51E588FF400C2857D /* Idfa.swift in Sources */,
			);
			runOnlyForDeploymentPostprocessing = 0;
		};
		5CE59DB01E5862E40059324A /* Sources */ = {
			isa = PBXSourcesBuildPhase;
			buildActionMask = 2147483647;
			files = (
				5CE59DB91E5862E40059324A /* YourIDFATests.swift in Sources */,
			);
			runOnlyForDeploymentPostprocessing = 0;
		};
		5CE59DBB1E5862E40059324A /* Sources */ = {
			isa = PBXSourcesBuildPhase;
			buildActionMask = 2147483647;
			files = (
				5CE59DC41E5862E40059324A /* YourIDFAUITests.swift in Sources */,
			);
			runOnlyForDeploymentPostprocessing = 0;
		};
/* End PBXSourcesBuildPhase section */

/* Begin PBXTargetDependency section */
		5CE59DB61E5862E40059324A /* PBXTargetDependency */ = {
			isa = PBXTargetDependency;
			target = 5CE59D9F1E5862E40059324A /* YourIDFA */;
			targetProxy = 5CE59DB51E5862E40059324A /* PBXContainerItemProxy */;
		};
		5CE59DC11E5862E40059324A /* PBXTargetDependency */ = {
			isa = PBXTargetDependency;
			target = 5CE59D9F1E5862E40059324A /* YourIDFA */;
			targetProxy = 5CE59DC01E5862E40059324A /* PBXContainerItemProxy */;
		};
/* End PBXTargetDependency section */

/* Begin PBXVariantGroup section */
		5CE59DA71E5862E40059324A /* Main.storyboard */ = {
			isa = PBXVariantGroup;
			children = (
				5CE59DA81E5862E40059324A /* Base */,
			);
			name = Main.storyboard;
			sourceTree = "<group>";
		};
		5CE59DAC1E5862E40059324A /* LaunchScreen.storyboard */ = {
			isa = PBXVariantGroup;
			children = (
				5CE59DAD1E5862E40059324A /* Base */,
			);
			name = LaunchScreen.storyboard;
			sourceTree = "<group>";
		};
/* End PBXVariantGroup section */

/* Begin XCBuildConfiguration section */
		5CE59DC61E5862E40059324A /* Debug */ = {
			isa = XCBuildConfiguration;
			buildSettings = {
				ALWAYS_SEARCH_USER_PATHS = NO;
				CLANG_ANALYZER_NONNULL = YES;
				CLANG_CXX_LANGUAGE_STANDARD = "gnu++0x";
				CLANG_CXX_LIBRARY = "libc++";
				CLANG_ENABLE_MODULES = YES;
				CLANG_ENABLE_OBJC_ARC = YES;
				CLANG_WARN_BOOL_CONVERSION = YES;
				CLANG_WARN_CONSTANT_CONVERSION = YES;
				CLANG_WARN_DIRECT_OBJC_ISA_USAGE = YES_ERROR;
				CLANG_WARN_DOCUMENTATION_COMMENTS = YES;
				CLANG_WARN_EMPTY_BODY = YES;
				CLANG_WARN_ENUM_CONVERSION = YES;
				CLANG_WARN_INFINITE_RECURSION = YES;
				CLANG_WARN_INT_CONVERSION = YES;
				CLANG_WARN_OBJC_ROOT_CLASS = YES_ERROR;
				CLANG_WARN_SUSPICIOUS_MOVE = YES;
				CLANG_WARN_UNREACHABLE_CODE = YES;
				CLANG_WARN__DUPLICATE_METHOD_MATCH = YES;
				"CODE_SIGN_IDENTITY[sdk=iphoneos*]" = "iPhone Developer";
				COPY_PHASE_STRIP = NO;
				DEBUG_INFORMATION_FORMAT = dwarf;
				ENABLE_STRICT_OBJC_MSGSEND = YES;
				ENABLE_TESTABILITY = YES;
				GCC_C_LANGUAGE_STANDARD = gnu99;
				GCC_DYNAMIC_NO_PIC = NO;
				GCC_NO_COMMON_BLOCKS = YES;
				GCC_OPTIMIZATION_LEVEL = 0;
				GCC_PREPROCESSOR_DEFINITIONS = (
					"DEBUG=1",
					"$(inherited)",
				);
				GCC_WARN_64_TO_32_BIT_CONVERSION = YES;
				GCC_WARN_ABOUT_RETURN_TYPE = YES_ERROR;
				GCC_WARN_UNDECLARED_SELECTOR = YES;
				GCC_WARN_UNINITIALIZED_AUTOS = YES_AGGRESSIVE;
				GCC_WARN_UNUSED_FUNCTION = YES;
				GCC_WARN_UNUSED_VARIABLE = YES;
				IPHONEOS_DEPLOYMENT_TARGET = 10.2;
				MTL_ENABLE_DEBUG_INFO = YES;
				ONLY_ACTIVE_ARCH = YES;
				SDKROOT = iphoneos;
				SWIFT_ACTIVE_COMPILATION_CONDITIONS = DEBUG;
				SWIFT_OPTIMIZATION_LEVEL = "-Onone";
			};
			name = Debug;
		};
		5CE59DC71E5862E40059324A /* Release */ = {
			isa = XCBuildConfiguration;
			buildSettings = {
				ALWAYS_SEARCH_USER_PATHS = NO;
				CLANG_ANALYZER_NONNULL = YES;
				CLANG_CXX_LANGUAGE_STANDARD = "gnu++0x";
				CLANG_CXX_LIBRARY = "libc++";
				CLANG_ENABLE_MODULES = YES;
				CLANG_ENABLE_OBJC_ARC = YES;
				CLANG_WARN_BOOL_CONVERSION = YES;
				CLANG_WARN_CONSTANT_CONVERSION = YES;
				CLANG_WARN_DIRECT_OBJC_ISA_USAGE = YES_ERROR;
				CLANG_WARN_DOCUMENTATION_COMMENTS = YES;
				CLANG_WARN_EMPTY_BODY = YES;
				CLANG_WARN_ENUM_CONVERSION = YES;
				CLANG_WARN_INFINITE_RECURSION = YES;
				CLANG_WARN_INT_CONVERSION = YES;
				CLANG_WARN_OBJC_ROOT_CLASS = YES_ERROR;
				CLANG_WARN_SUSPICIOUS_MOVE = YES;
				CLANG_WARN_UNREACHABLE_CODE = YES;
				CLANG_WARN__DUPLICATE_METHOD_MATCH = YES;
				"CODE_SIGN_IDENTITY[sdk=iphoneos*]" = "iPhone Developer";
				COPY_PHASE_STRIP = NO;
				DEBUG_INFORMATION_FORMAT = "dwarf-with-dsym";
				ENABLE_NS_ASSERTIONS = NO;
				ENABLE_STRICT_OBJC_MSGSEND = YES;
				GCC_C_LANGUAGE_STANDARD = gnu99;
				GCC_NO_COMMON_BLOCKS = YES;
				GCC_WARN_64_TO_32_BIT_CONVERSION = YES;
				GCC_WARN_ABOUT_RETURN_TYPE = YES_ERROR;
				GCC_WARN_UNDECLARED_SELECTOR = YES;
				GCC_WARN_UNINITIALIZED_AUTOS = YES_AGGRESSIVE;
				GCC_WARN_UNUSED_FUNCTION = YES;
				GCC_WARN_UNUSED_VARIABLE = YES;
				IPHONEOS_DEPLOYMENT_TARGET = 10.2;
				MTL_ENABLE_DEBUG_INFO = NO;
				SDKROOT = iphoneos;
				SWIFT_OPTIMIZATION_LEVEL = "-Owholemodule";
				VALIDATE_PRODUCT = YES;
			};
			name = Release;
		};
		5CE59DC91E5862E40059324A /* Debug */ = {
			isa = XCBuildConfiguration;
			baseConfigurationReference = 5263B09021A593DD1AF09300 /* Pods-YourIDFA.debug.xcconfig */;
			buildSettings = {
				ASSETCATALOG_COMPILER_APPICON_NAME = AppIcon;
				DEVELOPMENT_TEAM = R3AGY98K5V;
				INFOPLIST_FILE = YourIDFA/Info.plist;
				IPHONEOS_DEPLOYMENT_TARGET = 9.0;
				LD_RUNPATH_SEARCH_PATHS = "$(inherited) @executable_path/Frameworks";
				PRODUCT_BUNDLE_IDENTIFIER = com.naoto.yamaguchi.YourIDFA;
				PRODUCT_NAME = "$(TARGET_NAME)";
				SWIFT_VERSION = 3.0;
			};
			name = Debug;
		};
		5CE59DCA1E5862E40059324A /* Release */ = {
			isa = XCBuildConfiguration;
			baseConfigurationReference = 4EDD0A10947046C38685A1B9 /* Pods-YourIDFA.release.xcconfig */;
			buildSettings = {
				ASSETCATALOG_COMPILER_APPICON_NAME = AppIcon;
				DEVELOPMENT_TEAM = R3AGY98K5V;
				INFOPLIST_FILE = YourIDFA/Info.plist;
				IPHONEOS_DEPLOYMENT_TARGET = 9.0;
				LD_RUNPATH_SEARCH_PATHS = "$(inherited) @executable_path/Frameworks";
				PRODUCT_BUNDLE_IDENTIFIER = com.naoto.yamaguchi.YourIDFA;
				PRODUCT_NAME = "$(TARGET_NAME)";
				SWIFT_VERSION = 3.0;
			};
			name = Release;
		};
		5CE59DCC1E5862E40059324A /* Debug */ = {
			isa = XCBuildConfiguration;
			baseConfigurationReference = 8C0FCD4691BC38845C68D689 /* Pods-YourIDFATests.debug.xcconfig */;
			buildSettings = {
				ALWAYS_EMBED_SWIFT_STANDARD_LIBRARIES = YES;
				BUNDLE_LOADER = "$(TEST_HOST)";
				DEVELOPMENT_TEAM = R3AGY98K5V;
				INFOPLIST_FILE = YourIDFATests/Info.plist;
				LD_RUNPATH_SEARCH_PATHS = "$(inherited) @executable_path/Frameworks @loader_path/Frameworks";
				PRODUCT_BUNDLE_IDENTIFIER = com.naoto.yamaguchi.YourIDFATests;
				PRODUCT_NAME = "$(TARGET_NAME)";
				SWIFT_VERSION = 3.0;
				TEST_HOST = "$(BUILT_PRODUCTS_DIR)/YourIDFA.app/YourIDFA";
			};
			name = Debug;
		};
		5CE59DCD1E5862E40059324A /* Release */ = {
			isa = XCBuildConfiguration;
			baseConfigurationReference = C3654014FF102AF5D16D731F /* Pods-YourIDFATests.release.xcconfig */;
			buildSettings = {
				ALWAYS_EMBED_SWIFT_STANDARD_LIBRARIES = YES;
				BUNDLE_LOADER = "$(TEST_HOST)";
				DEVELOPMENT_TEAM = R3AGY98K5V;
				INFOPLIST_FILE = YourIDFATests/Info.plist;
				LD_RUNPATH_SEARCH_PATHS = "$(inherited) @executable_path/Frameworks @loader_path/Frameworks";
				PRODUCT_BUNDLE_IDENTIFIER = com.naoto.yamaguchi.YourIDFATests;
				PRODUCT_NAME = "$(TARGET_NAME)";
				SWIFT_VERSION = 3.0;
				TEST_HOST = "$(BUILT_PRODUCTS_DIR)/YourIDFA.app/YourIDFA";
			};
			name = Release;
		};
		5CE59DCF1E5862E40059324A /* Debug */ = {
			isa = XCBuildConfiguration;
			baseConfigurationReference = 922B0335730D35AD4BCAF121 /* Pods-YourIDFAUITests.debug.xcconfig */;
			buildSettings = {
				ALWAYS_EMBED_SWIFT_STANDARD_LIBRARIES = YES;
				DEVELOPMENT_TEAM = R3AGY98K5V;
				INFOPLIST_FILE = YourIDFAUITests/Info.plist;
				LD_RUNPATH_SEARCH_PATHS = "$(inherited) @executable_path/Frameworks @loader_path/Frameworks";
				PRODUCT_BUNDLE_IDENTIFIER = com.naoto.yamaguchi.YourIDFAUITests;
				PRODUCT_NAME = "$(TARGET_NAME)";
				SWIFT_VERSION = 3.0;
				TEST_TARGET_NAME = YourIDFA;
			};
			name = Debug;
		};
		5CE59DD01E5862E40059324A /* Release */ = {
			isa = XCBuildConfiguration;
			baseConfigurationReference = 085692C7A32F262035BC94AE /* Pods-YourIDFAUITests.release.xcconfig */;
			buildSettings = {
				ALWAYS_EMBED_SWIFT_STANDARD_LIBRARIES = YES;
				DEVELOPMENT_TEAM = R3AGY98K5V;
				INFOPLIST_FILE = YourIDFAUITests/Info.plist;
				LD_RUNPATH_SEARCH_PATHS = "$(inherited) @executable_path/Frameworks @loader_path/Frameworks";
				PRODUCT_BUNDLE_IDENTIFIER = com.naoto.yamaguchi.YourIDFAUITests;
				PRODUCT_NAME = "$(TARGET_NAME)";
				SWIFT_VERSION = 3.0;
				TEST_TARGET_NAME = YourIDFA;
			};
			name = Release;
		};
/* End XCBuildConfiguration section */

/* Begin XCConfigurationList section */
		5CE59D9B1E5862E40059324A /* Build configuration list for PBXProject "YourIDFA" */ = {
			isa = XCConfigurationList;
			buildConfigurations = (
				5CE59DC61E5862E40059324A /* Debug */,
				5CE59DC71E5862E40059324A /* Release */,
			);
			defaultConfigurationIsVisible = 0;
			defaultConfigurationName = Release;
		};
		5CE59DC81E5862E40059324A /* Build configuration list for PBXNativeTarget "YourIDFA" */ = {
			isa = XCConfigurationList;
			buildConfigurations = (
				5CE59DC91E5862E40059324A /* Debug */,
				5CE59DCA1E5862E40059324A /* Release */,
			);
			defaultConfigurationIsVisible = 0;
			defaultConfigurationName = Release;
		};
		5CE59DCB1E5862E40059324A /* Build configuration list for PBXNativeTarget "YourIDFATests" */ = {
			isa = XCConfigurationList;
			buildConfigurations = (
				5CE59DCC1E5862E40059324A /* Debug */,
				5CE59DCD1E5862E40059324A /* Release */,
			);
			defaultConfigurationIsVisible = 0;
			defaultConfigurationName = Release;
		};
		5CE59DCE1E5862E40059324A /* Build configuration list for PBXNativeTarget "YourIDFAUITests" */ = {
			isa = XCConfigurationList;
			buildConfigurations = (
				5CE59DCF1E5862E40059324A /* Debug */,
				5CE59DD01E5862E40059324A /* Release */,
			);
			defaultConfigurationIsVisible = 0;
			defaultConfigurationName = Release;
		};
/* End XCConfigurationList section */
	};
	rootObject = 5CE59D981E5862E40059324A /* Project object */;
}
